// !$*UTF8*$!
{
	archiveVersion = 1;
	classes = {
	};
	objectVersion = 46;
	objects = {

/* Begin PBXBuildFile section */
		29975D971C328DA700A21AD7 /* main.m in Sources */ = {isa = PBXBuildFile; fileRef = 29975D961C328DA700A21AD7 /* main.m */; };
		29975D9A1C328DA700A21AD7 /* AppDelegate.m in Sources */ = {isa = PBXBuildFile; fileRef = 29975D991C328DA700A21AD7 /* AppDelegate.m */; };
		29975D9D1C328DA700A21AD7 /* ViewController.m in Sources */ = {isa = PBXBuildFile; fileRef = 29975D9C1C328DA700A21AD7 /* ViewController.m */; };
		29975DA01C328DA700A21AD7 /* Main.storyboard in Resources */ = {isa = PBXBuildFile; fileRef = 29975D9E1C328DA700A21AD7 /* Main.storyboard */; };
		29975DA21C328DA700A21AD7 /* Assets.xcassets in Resources */ = {isa = PBXBuildFile; fileRef = 29975DA11C328DA700A21AD7 /* Assets.xcassets */; };
		29975DA51C328DA700A21AD7 /* LaunchScreen.storyboard in Resources */ = {isa = PBXBuildFile; fileRef = 29975DA31C328DA700A21AD7 /* LaunchScreen.storyboard */; };
/* End PBXBuildFile section */

/* Begin PBXFileReference section */
		29975D921C328DA700A21AD7 /* NSDictionary2Mode_plist.app */ = {isa = PBXFileReference; explicitFileType = wrapper.application; includeInIndex = 0; path = NSDictionary2Mode_plist.app; sourceTree = BUILT_PRODUCTS_DIR; };
		29975D961C328DA700A21AD7 /* main.m */ = {isa = PBXFileReference; lastKnownFileType = sourcecode.c.objc; path = main.m; sourceTree = "<group>"; };
		29975D981C328DA700A21AD7 /* AppDelegate.h */ = {isa = PBXFileReference; lastKnownFileType = sourcecode.c.h; path = AppDelegate.h; sourceTree = "<group>"; };
		29975D991C328DA700A21AD7 /* AppDelegate.m */ = {isa = PBXFileReference; lastKnownFileType = sourcecode.c.objc; path = AppDelegate.m; sourceTree = "<group>"; };
		29975D9B1C328DA700A21AD7 /* ViewController.h */ = {isa = PBXFileReference; lastKnownFileType = sourcecode.c.h; path = ViewController.h; sourceTree = "<group>"; };
		29975D9C1C328DA700A21AD7 /* ViewController.m */ = {isa = PBXFileReference; lastKnownFileType = sourcecode.c.objc; path = ViewController.m; sourceTree = "<group>"; };
		29975D9F1C328DA700A21AD7 /* Base */ = {isa = PBXFileReference; lastKnownFileType = file.storyboard; name = Base; path = Base.lproj/Main.storyboard; sourceTree = "<group>"; };
		29975DA11C328DA700A21AD7 /* Assets.xcassets */ = {isa = PBXFileReference; lastKnownFileType = folder.assetcatalog; path = Assets.xcassets; sourceTree = "<group>"; };
		29975DA41C328DA700A21AD7 /* Base */ = {isa = PBXFileReference; lastKnownFileType = file.storyboard; name = Base; path = Base.lproj/LaunchScreen.storyboard; sourceTree = "<group>"; };
		29975DA61C328DA700A21AD7 /* Info.plist */ = {isa = PBXFileReference; lastKnownFileType = text.plist.xml; path = Info.plist; sourceTree = "<group>"; };
/* End PBXFileReference section */

/* Begin PBXFrameworksBuildPhase section */
		29975D8F1C328DA700A21AD7 /* Frameworks */ = {
			isa = PBXFrameworksBuildPhase;
			buildActionMask = 2147483647;
			files = (
			);
			runOnlyForDeploymentPostprocessing = 0;
		};
/* End PBXFrameworksBuildPhase section */

/* Begin PBXGroup section */
		29975D891C328DA700A21AD7 = {
			isa = PBXGroup;
			children = (
				29975D941C328DA700A21AD7 /* NSDictionary2Mode_plist */,
				29975D931C328DA700A21AD7 /* Products */,
			);
			sourceTree = "<group>";
		};
		29975D931C328DA700A21AD7 /* Products */ = {
			isa = PBXGroup;
			children = (
				29975D921C328DA700A21AD7 /* NSDictionary2Mode_plist.app */,
			);
			name = Products;
			sourceTree = "<group>";
		};
		29975D941C328DA700A21AD7 /* NSDictionary2Mode_plist */ = {
			isa = PBXGroup;
			children = (
				29975D981C328DA700A21AD7 /* AppDelegate.h */,
				29975D991C328DA700A21AD7 /* AppDelegate.m */,
				29975D9B1C328DA700A21AD7 /* ViewController.h */,
				29975D9C1C328DA700A21AD7 /* ViewController.m */,
				29975D9E1C328DA700A21AD7 /* Main.storyboard */,
				29975DA11C328DA700A21AD7 /* Assets.xcassets */,
				29975DA31C328DA700A21AD7 /* LaunchScreen.storyboard */,
				29975DA61C328DA700A21AD7 /* Info.plist */,
				29975D951C328DA700A21AD7 /* Supporting Files */,
			);
			path = NSDictionary2Mode_plist;
			sourceTree = "<group>";
		};
		29975D951C328DA700A21AD7 /* Supporting Files */ = {
			isa = PBXGroup;
			children = (
				29975D961C328DA700A21AD7 /* main.m */,
			);
			name = "Supporting Files";
			sourceTree = "<group>";
		};
/* End PBXGroup section */

/* Begin PBXNativeTarget section */
		29975D911C328DA700A21AD7 /* NSDictionary2Mode_plist */ = {
			isa = PBXNativeTarget;
			buildConfigurationList = 29975DA91C328DA700A21AD7 /* Build configuration list for PBXNativeTarget "NSDictionary2Mode_plist" */;
			buildPhases = (
				29975D8E1C328DA700A21AD7 /* Sources */,
				29975D8F1C328DA700A21AD7 /* Frameworks */,
				29975D901C328DA700A21AD7 /* Resources */,
			);
			buildRules = (
			);
			dependencies = (
			);
			name = NSDictionary2Mode_plist;
			productName = NSDictionary2Mode_plist;
			productReference = 29975D921C328DA700A21AD7 /* NSDictionary2Mode_plist.app */;
			productType = "com.apple.product-type.application";
		};
/* End PBXNativeTarget section */

/* Begin PBXProject section */
		29975D8A1C328DA700A21AD7 /* Project object */ = {
			isa = PBXProject;
			attributes = {
				LastUpgradeCheck = 0710;
				ORGANIZATIONNAME = wbder;
				TargetAttributes = {
					29975D911C328DA700A21AD7 = {
						CreatedOnToolsVersion = 7.1.1;
					};
				};
			};
			buildConfigurationList = 29975D8D1C328DA700A21AD7 /* Build configuration list for PBXProject "NSDictionary2Mode_plist" */;
			compatibilityVersion = "Xcode 3.2";
			developmentRegion = English;
			hasScannedForEncodings = 0;
			knownRegions = (
				en,
				Base,
			);
			mainGroup = 29975D891C328DA700A21AD7;
			productRefGroup = 29975D931C328DA700A21AD7 /* Products */;
			projectDirPath = "";
			projectRoot = "";
			targets = (
				29975D911C328DA700A21AD7 /* NSDictionary2Mode_plist */,
			);
		};
/* End PBXProject section */

/* Begin PBXResourcesBuildPhase section */
		29975D901C328DA700A21AD7 /* Resources */ = {
			isa = PBXResourcesBuildPhase;
			buildActionMask = 2147483647;
			files = (
				29975DA51C328DA700A21AD7 /* LaunchScreen.storyboard in Resources */,
				29975DA21C328DA700A21AD7 /* Assets.xcassets in Resources */,
				29975DA01C328DA700A21AD7 /* Main.storyboard in Resources */,
			);
			runOnlyForDeploymentPostprocessing = 0;
		};
/* End PBXResourcesBuildPhase section */

/* Begin PBXSourcesBuildPhase section */
		29975D8E1C328DA700A21AD7 /* Sources */ = {
			isa = PBXSourcesBuildPhase;
			buildActionMask = 2147483647;
			files = (
				29975D9D1C328DA700A21AD7 /* ViewController.m in Sources */,
				29975D9A1C328DA700A21AD7 /* AppDelegate.m in Sources */,
				29975D971C328DA700A21AD7 /* main.m in Sources */,
			);
			runOnlyForDeploymentPostprocessing = 0;
		};
/* End PBXSourcesBuildPhase section */

/* Begin PBXVariantGroup section */
		29975D9E1C328DA700A21AD7 /* Main.storyboard */ = {
			isa = PBXVariantGroup;
			children = (
				29975D9F1C328DA700A21AD7 /* Base */,
			);
			name = Main.storyboard;
			sourceTree = "<group>";
		};
		29975DA31C328DA700A21AD7 /* LaunchScreen.storyboard */ = {
			isa = PBXVariantGroup;
			children = (
				29975DA41C328DA700A21AD7 /* Base */,
			);
			name = LaunchScreen.storyboard;
			sourceTree = "<group>";
		};
/* End PBXVariantGroup section */

/* Begin XCBuildConfiguration section */
		29975DA71C328DA700A21AD7 /* Debug */ = {
			isa = XCBuildConfiguration;
			buildSettings = {
				ALWAYS_SEARCH_USER_PATHS = NO;
				CLANG_CXX_LANGUAGE_STANDARD = "gnu++0x";
				CLANG_CXX_LIBRARY = "libc++";
				CLANG_ENABLE_MODULES = YES;
				CLANG_ENABLE_OBJC_ARC = YES;
				CLANG_WARN_BOOL_CONVERSION = YES;
				CLANG_WARN_CONSTANT_CONVERSION = YES;
				CLANG_WARN_DIRECT_OBJC_ISA_USAGE = YES_ERROR;
				CLANG_WARN_EMPTY_BODY = YES;
				CLANG_WARN_ENUM_CONVERSION = YES;
				CLANG_WARN_INT_CONVERSION = YES;
				CLANG_WARN_OBJC_ROOT_CLASS = YES_ERROR;
				CLANG_WARN_UNREACHABLE_CODE = YES;
				CLANG_WARN__DUPLICATE_METHOD_MATCH = YES;
				"CODE_SIGN_IDENTITY[sdk=iphoneos*]" = "iPhone Developer";
				COPY_PHASE_STRIP = NO;
				DEBUG_INFORMATION_FORMAT = dwarf;
				ENABLE_STRICT_OBJC_MSGSEND = YES;
				ENABLE_TESTABILITY = YES;
				GCC_C_LANGUAGE_STANDARD = gnu99;
				GCC_DYNAMIC_NO_PIC = NO;
				GCC_NO_COMMON_BLOCKS = YES;
				GCC_OPTIMIZATION_LEVEL = 0;
				GCC_PREPROCESSOR_DEFINITIONS = (
					"DEBUG=1",
					"$(inherited)",
				);
				GCC_WARN_64_TO_32_BIT_CONVERSION = YES;
				GCC_WARN_ABOUT_RETURN_TYPE = YES_ERROR;
				GCC_WARN_UNDECLARED_SELECTOR = YES;
				GCC_WARN_UNINITIALIZED_AUTOS = YES_AGGRESSIVE;
				GCC_WARN_UNUSED_FUNCTION = YES;
				GCC_WARN_UNUSED_VARIABLE = YES;
				IPHONEOS_DEPLOYMENT_TARGET = 9.1;
				MTL_ENABLE_DEBUG_INFO = YES;
				ONLY_ACTIVE_ARCH = YES;
				SDKROOT = iphoneos;
			};
			name = Debug;
		};
		29975DA81C328DA700A21AD7 /* Release */ = {
			isa = XCBuildConfiguration;
			buildSettings = {
				ALWAYS_SEARCH_USER_PATHS = NO;
				CLANG_CXX_LANGUAGE_STANDARD = "gnu++0x";
				CLANG_CXX_LIBRARY = "libc++";
				CLANG_ENABLE_MODULES = YES;
				CLANG_ENABLE_OBJC_ARC = YES;
				CLANG_WARN_BOOL_CONVERSION = YES;
				CLANG_WARN_CONSTANT_CONVERSION = YES;
				CLANG_WARN_DIRECT_OBJC_ISA_USAGE = YES_ERROR;
				CLANG_WARN_EMPTY_BODY = YES;
				CLANG_WARN_ENUM_CONVERSION = YES;
				CLANG_WARN_INT_CONVERSION = YES;
				CLANG_WARN_OBJC_ROOT_CLASS = YES_ERROR;
				CLANG_WARN_UNREACHABLE_CODE = YES;
				CLANG_WARN__DUPLICATE_METHOD_MATCH = YES;
				"CODE_SIGN_IDENTITY[sdk=iphoneos*]" = "iPhone Developer";
				COPY_PHASE_STRIP = NO;
				DEBUG_INFORMATION_FORMAT = "dwarf-with-dsym";
				ENABLE_NS_ASSERTIONS = NO;
				ENABLE_STRICT_OBJC_MSGSEND = YES;
				GCC_C_LANGUAGE_STANDARD = gnu99;
				GCC_NO_COMMON_BLOCKS = YES;
				GCC_WARN_64_TO_32_BIT_CONVERSION = YES;
				GCC_WARN_ABOUT_RETURN_TYPE = YES_ERROR;
				GCC_WARN_UNDECLARED_SELECTOR = YES;
				GCC_WARN_UNINITIALIZED_AUTOS = YES_AGGRESSIVE;
				GCC_WARN_UNUSED_FUNCTION = YES;
				GCC_WARN_UNUSED_VARIABLE = YES;
				IPHONEOS_DEPLOYMENT_TARGET = 9.1;
				MTL_ENABLE_DEBUG_INFO = NO;
				SDKROOT = iphoneos;
				VALIDATE_PRODUCT = YES;
			};
			name = Release;
		};
		29975DAA1C328DA700A21AD7 /* Debug */ = {
			isa = XCBuildConfiguration;
			buildSettings = {
				ASSETCATALOG_COMPILER_APPICON_NAME = AppIcon;
				INFOPLIST_FILE = NSDictionary2Mode_plist/Info.plist;
				LD_RUNPATH_SEARCH_PATHS = "$(inherited) @executable_path/Frameworks";
				PRODUCT_BUNDLE_IDENTIFIER = "com.techbridge-inc.NSDictionary2Mode-plist";
				PRODUCT_NAME = "$(TARGET_NAME)";
			};
			name = Debug;
		};
		29975DAB1C328DA700A21AD7 /* Release */ = {
			isa = XCBuildConfiguration;
			buildSettings = {
				ASSETCATALOG_COMPILER_APPICON_NAME = AppIcon;
				INFOPLIST_FILE = NSDictionary2Mode_plist/Info.plist;
				LD_RUNPATH_SEARCH_PATHS = "$(inherited) @executable_path/Frameworks";
				PRODUCT_BUNDLE_IDENTIFIER = "com.techbridge-inc.NSDictionary2Mode-plist";
				PRODUCT_NAME = "$(TARGET_NAME)";
			};
			name = Release;
		};
/* End XCBuildConfiguration section */

/* Begin XCConfigurationList section */
		29975D8D1C328DA700A21AD7 /* Build configuration list for PBXProject "NSDictionary2Mode_plist" */ = {
			isa = XCConfigurationList;
			buildConfigurations = (
				29975DA71C328DA700A21AD7 /* Debug */,
				29975DA81C328DA700A21AD7 /* Release */,
			);
			defaultConfigurationIsVisible = 0;
			defaultConfigurationName = Release;
		};
		29975DA91C328DA700A21AD7 /* Build configuration list for PBXNativeTarget "NSDictionary2Mode_plist" */ = {
			isa = XCConfigurationList;
			buildConfigurations = (
				29975DAA1C328DA700A21AD7 /* Debug */,
				29975DAB1C328DA700A21AD7 /* Release */,
			);
			defaultConfigurationIsVisible = 0;
		};
/* End XCConfigurationList section */
	};
	rootObject = 29975D8A1C328DA700A21AD7 /* Project object */;
}
